// !$*UTF8*$!
{
	archiveVersion = 1;
	classes = {
	};
	objectVersion = 56;
	objects = {

/* Begin PBXBuildFile section */
		5DD0A1742A49DC3500967B12 /* AppDelegate.swift in Sources */ = {isa = PBXBuildFile; fileRef = 5DD0A1732A49DC3500967B12 /* AppDelegate.swift */; };
		5DD0A1762A49DC3500967B12 /* SceneDelegate.swift in Sources */ = {isa = PBXBuildFile; fileRef = 5DD0A1752A49DC3500967B12 /* SceneDelegate.swift */; };
		5DD0A1782A49DC3500967B12 /* ViewController.swift in Sources */ = {isa = PBXBuildFile; fileRef = 5DD0A1772A49DC3500967B12 /* ViewController.swift */; };
		5DD0A17B2A49DC3500967B12 /* Main.storyboard in Resources */ = {isa = PBXBuildFile; fileRef = 5DD0A1792A49DC3500967B12 /* Main.storyboard */; };
		5DD0A17D2A49DC3700967B12 /* Assets.xcassets in Resources */ = {isa = PBXBuildFile; fileRef = 5DD0A17C2A49DC3700967B12 /* Assets.xcassets */; };
		5DD0A1802A49DC3700967B12 /* LaunchScreen.storyboard in Resources */ = {isa = PBXBuildFile; fileRef = 5DD0A17E2A49DC3700967B12 /* LaunchScreen.storyboard */; };
		5DD0A18B2A49DC3700967B12 /* WeatherAppTests.swift in Sources */ = {isa = PBXBuildFile; fileRef = 5DD0A18A2A49DC3700967B12 /* WeatherAppTests.swift */; };
		5DD0A1952A49DC3700967B12 /* WeatherAppUITests.swift in Sources */ = {isa = PBXBuildFile; fileRef = 5DD0A1942A49DC3700967B12 /* WeatherAppUITests.swift */; };
		5DD0A1972A49DC3700967B12 /* WeatherAppUITestsLaunchTests.swift in Sources */ = {isa = PBXBuildFile; fileRef = 5DD0A1962A49DC3700967B12 /* WeatherAppUITestsLaunchTests.swift */; };
		5DD0A1A42A49DE3600967B12 /* clouds-4750962_1280.jpg in Resources */ = {isa = PBXBuildFile; fileRef = 5DD0A1A32A49DE3600967B12 /* clouds-4750962_1280.jpg */; };
		5DF907502A49E35700F3645A /* DetailViewController.swift in Sources */ = {isa = PBXBuildFile; fileRef = 5DF9074F2A49E35700F3645A /* DetailViewController.swift */; };
/* End PBXBuildFile section */

/* Begin PBXContainerItemProxy section */
		5DD0A1872A49DC3700967B12 /* PBXContainerItemProxy */ = {
			isa = PBXContainerItemProxy;
			containerPortal = 5DD0A1682A49DC3500967B12 /* Project object */;
			proxyType = 1;
			remoteGlobalIDString = 5DD0A16F2A49DC3500967B12;
			remoteInfo = WeatherApp;
		};
		5DD0A1912A49DC3700967B12 /* PBXContainerItemProxy */ = {
			isa = PBXContainerItemProxy;
			containerPortal = 5DD0A1682A49DC3500967B12 /* Project object */;
			proxyType = 1;
			remoteGlobalIDString = 5DD0A16F2A49DC3500967B12;
			remoteInfo = WeatherApp;
		};
/* End PBXContainerItemProxy section */

/* Begin PBXFileReference section */
		5DD0A1702A49DC3500967B12 /* WeatherApp.app */ = {isa = PBXFileReference; explicitFileType = wrapper.application; includeInIndex = 0; path = WeatherApp.app; sourceTree = BUILT_PRODUCTS_DIR; };
		5DD0A1732A49DC3500967B12 /* AppDelegate.swift */ = {isa = PBXFileReference; lastKnownFileType = sourcecode.swift; path = AppDelegate.swift; sourceTree = "<group>"; };
		5DD0A1752A49DC3500967B12 /* SceneDelegate.swift */ = {isa = PBXFileReference; lastKnownFileType = sourcecode.swift; path = SceneDelegate.swift; sourceTree = "<group>"; };
		5DD0A1772A49DC3500967B12 /* ViewController.swift */ = {isa = PBXFileReference; lastKnownFileType = sourcecode.swift; path = ViewController.swift; sourceTree = "<group>"; };
		5DD0A17A2A49DC3500967B12 /* Base */ = {isa = PBXFileReference; lastKnownFileType = file.storyboard; name = Base; path = Base.lproj/Main.storyboard; sourceTree = "<group>"; };
		5DD0A17C2A49DC3700967B12 /* Assets.xcassets */ = {isa = PBXFileReference; lastKnownFileType = folder.assetcatalog; path = Assets.xcassets; sourceTree = "<group>"; };
		5DD0A17F2A49DC3700967B12 /* Base */ = {isa = PBXFileReference; lastKnownFileType = file.storyboard; name = Base; path = Base.lproj/LaunchScreen.storyboard; sourceTree = "<group>"; };
		5DD0A1812A49DC3700967B12 /* Info.plist */ = {isa = PBXFileReference; lastKnownFileType = text.plist.xml; path = Info.plist; sourceTree = "<group>"; };
		5DD0A1862A49DC3700967B12 /* WeatherAppTests.xctest */ = {isa = PBXFileReference; explicitFileType = wrapper.cfbundle; includeInIndex = 0; path = WeatherAppTests.xctest; sourceTree = BUILT_PRODUCTS_DIR; };
		5DD0A18A2A49DC3700967B12 /* WeatherAppTests.swift */ = {isa = PBXFileReference; lastKnownFileType = sourcecode.swift; path = WeatherAppTests.swift; sourceTree = "<group>"; };
		5DD0A1902A49DC3700967B12 /* WeatherAppUITests.xctest */ = {isa = PBXFileReference; explicitFileType = wrapper.cfbundle; includeInIndex = 0; path = WeatherAppUITests.xctest; sourceTree = BUILT_PRODUCTS_DIR; };
		5DD0A1942A49DC3700967B12 /* WeatherAppUITests.swift */ = {isa = PBXFileReference; lastKnownFileType = sourcecode.swift; path = WeatherAppUITests.swift; sourceTree = "<group>"; };
		5DD0A1962A49DC3700967B12 /* WeatherAppUITestsLaunchTests.swift */ = {isa = PBXFileReference; lastKnownFileType = sourcecode.swift; path = WeatherAppUITestsLaunchTests.swift; sourceTree = "<group>"; };
		5DD0A1A32A49DE3600967B12 /* clouds-4750962_1280.jpg */ = {isa = PBXFileReference; lastKnownFileType = image.jpeg; name = "clouds-4750962_1280.jpg"; path = "../../../../clouds-4750962_1280.jpg"; sourceTree = "<group>"; };
		5DF9074F2A49E35700F3645A /* DetailViewController.swift */ = {isa = PBXFileReference; lastKnownFileType = sourcecode.swift; path = DetailViewController.swift; sourceTree = "<group>"; };
/* End PBXFileReference section */

/* Begin PBXFrameworksBuildPhase section */
		5DD0A16D2A49DC3500967B12 /* Frameworks */ = {
			isa = PBXFrameworksBuildPhase;
			buildActionMask = 2147483647;
			files = (
			);
			runOnlyForDeploymentPostprocessing = 0;
		};
		5DD0A1832A49DC3700967B12 /* Frameworks */ = {
			isa = PBXFrameworksBuildPhase;
			buildActionMask = 2147483647;
			files = (
			);
			runOnlyForDeploymentPostprocessing = 0;
		};
		5DD0A18D2A49DC3700967B12 /* Frameworks */ = {
			isa = PBXFrameworksBuildPhase;
			buildActionMask = 2147483647;
			files = (
			);
			runOnlyForDeploymentPostprocessing = 0;
		};
/* End PBXFrameworksBuildPhase section */

/* Begin PBXGroup section */
		5DD0A1672A49DC3500967B12 = {
			isa = PBXGroup;
			children = (
				5DD0A1722A49DC3500967B12 /* WeatherApp */,
				5DD0A1892A49DC3700967B12 /* WeatherAppTests */,
				5DD0A1932A49DC3700967B12 /* WeatherAppUITests */,
				5DD0A1712A49DC3500967B12 /* Products */,
			);
			sourceTree = "<group>";
		};
		5DD0A1712A49DC3500967B12 /* Products */ = {
			isa = PBXGroup;
			children = (
				5DD0A1702A49DC3500967B12 /* WeatherApp.app */,
				5DD0A1862A49DC3700967B12 /* WeatherAppTests.xctest */,
				5DD0A1902A49DC3700967B12 /* WeatherAppUITests.xctest */,
			);
			name = Products;
			sourceTree = "<group>";
		};
		5DD0A1722A49DC3500967B12 /* WeatherApp */ = {
			isa = PBXGroup;
			children = (
				5DD0A1732A49DC3500967B12 /* AppDelegate.swift */,
				5DD0A1752A49DC3500967B12 /* SceneDelegate.swift */,
				5DD0A1772A49DC3500967B12 /* ViewController.swift */,
				5DD0A1792A49DC3500967B12 /* Main.storyboard */,
				5DD0A17C2A49DC3700967B12 /* Assets.xcassets */,
				5DD0A17E2A49DC3700967B12 /* LaunchScreen.storyboard */,
				5DD0A1812A49DC3700967B12 /* Info.plist */,
				5DD0A1A32A49DE3600967B12 /* clouds-4750962_1280.jpg */,
				5DF9074F2A49E35700F3645A /* DetailViewController.swift */,
			);
			path = WeatherApp;
			sourceTree = "<group>";
		};
		5DD0A1892A49DC3700967B12 /* WeatherAppTests */ = {
			isa = PBXGroup;
			children = (
				5DD0A18A2A49DC3700967B12 /* WeatherAppTests.swift */,
			);
			path = WeatherAppTests;
			sourceTree = "<group>";
		};
		5DD0A1932A49DC3700967B12 /* WeatherAppUITests */ = {
			isa = PBXGroup;
			children = (
				5DD0A1942A49DC3700967B12 /* WeatherAppUITests.swift */,
				5DD0A1962A49DC3700967B12 /* WeatherAppUITestsLaunchTests.swift */,
			);
			path = WeatherAppUITests;
			sourceTree = "<group>";
		};
/* End PBXGroup section */

/* Begin PBXNativeTarget section */
		5DD0A16F2A49DC3500967B12 /* WeatherApp */ = {
			isa = PBXNativeTarget;
			buildConfigurationList = 5DD0A19A2A49DC3700967B12 /* Build configuration list for PBXNativeTarget "WeatherApp" */;
			buildPhases = (
				5DD0A16C2A49DC3500967B12 /* Sources */,
				5DD0A16D2A49DC3500967B12 /* Frameworks */,
				5DD0A16E2A49DC3500967B12 /* Resources */,
			);
			buildRules = (
			);
			dependencies = (
			);
			name = WeatherApp;
			productName = WeatherApp;
			productReference = 5DD0A1702A49DC3500967B12 /* WeatherApp.app */;
			productType = "com.apple.product-type.application";
		};
		5DD0A1852A49DC3700967B12 /* WeatherAppTests */ = {
			isa = PBXNativeTarget;
			buildConfigurationList = 5DD0A19D2A49DC3700967B12 /* Build configuration list for PBXNativeTarget "WeatherAppTests" */;
			buildPhases = (
				5DD0A1822A49DC3700967B12 /* Sources */,
				5DD0A1832A49DC3700967B12 /* Frameworks */,
				5DD0A1842A49DC3700967B12 /* Resources */,
			);
			buildRules = (
			);
			dependencies = (
				5DD0A1882A49DC3700967B12 /* PBXTargetDependency */,
			);
			name = WeatherAppTests;
			productName = WeatherAppTests;
			productReference = 5DD0A1862A49DC3700967B12 /* WeatherAppTests.xctest */;
			productType = "com.apple.product-type.bundle.unit-test";
		};
		5DD0A18F2A49DC3700967B12 /* WeatherAppUITests */ = {
			isa = PBXNativeTarget;
			buildConfigurationList = 5DD0A1A02A49DC3700967B12 /* Build configuration list for PBXNativeTarget "WeatherAppUITests" */;
			buildPhases = (
				5DD0A18C2A49DC3700967B12 /* Sources */,
				5DD0A18D2A49DC3700967B12 /* Frameworks */,
				5DD0A18E2A49DC3700967B12 /* Resources */,
			);
			buildRules = (
			);
			dependencies = (
				5DD0A1922A49DC3700967B12 /* PBXTargetDependency */,
			);
			name = WeatherAppUITests;
			productName = WeatherAppUITests;
			productReference = 5DD0A1902A49DC3700967B12 /* WeatherAppUITests.xctest */;
			productType = "com.apple.product-type.bundle.ui-testing";
		};
/* End PBXNativeTarget section */

/* Begin PBXProject section */
		5DD0A1682A49DC3500967B12 /* Project object */ = {
			isa = PBXProject;
			attributes = {
				BuildIndependentTargetsInParallel = 1;
				LastSwiftUpdateCheck = 1430;
				LastUpgradeCheck = 1430;
				TargetAttributes = {
					5DD0A16F2A49DC3500967B12 = {
						CreatedOnToolsVersion = 14.3.1;
					};
					5DD0A1852A49DC3700967B12 = {
						CreatedOnToolsVersion = 14.3.1;
						TestTargetID = 5DD0A16F2A49DC3500967B12;
					};
					5DD0A18F2A49DC3700967B12 = {
						CreatedOnToolsVersion = 14.3.1;
						TestTargetID = 5DD0A16F2A49DC3500967B12;
					};
				};
			};
			buildConfigurationList = 5DD0A16B2A49DC3500967B12 /* Build configuration list for PBXProject "WeatherApp" */;
			compatibilityVersion = "Xcode 14.0";
			developmentRegion = en;
			hasScannedForEncodings = 0;
			knownRegions = (
				en,
				Base,
			);
			mainGroup = 5DD0A1672A49DC3500967B12;
			productRefGroup = 5DD0A1712A49DC3500967B12 /* Products */;
			projectDirPath = "";
			projectRoot = "";
			targets = (
				5DD0A16F2A49DC3500967B12 /* WeatherApp */,
				5DD0A1852A49DC3700967B12 /* WeatherAppTests */,
				5DD0A18F2A49DC3700967B12 /* WeatherAppUITests */,
			);
		};
/* End PBXProject section */

/* Begin PBXResourcesBuildPhase section */
		5DD0A16E2A49DC3500967B12 /* Resources */ = {
			isa = PBXResourcesBuildPhase;
			buildActionMask = 2147483647;
			files = (
				5DD0A1A42A49DE3600967B12 /* clouds-4750962_1280.jpg in Resources */,
				5DD0A1802A49DC3700967B12 /* LaunchScreen.storyboard in Resources */,
				5DD0A17D2A49DC3700967B12 /* Assets.xcassets in Resources */,
				5DD0A17B2A49DC3500967B12 /* Main.storyboard in Resources */,
			);
			runOnlyForDeploymentPostprocessing = 0;
		};
		5DD0A1842A49DC3700967B12 /* Resources */ = {
			isa = PBXResourcesBuildPhase;
			buildActionMask = 2147483647;
			files = (
			);
			runOnlyForDeploymentPostprocessing = 0;
		};
		5DD0A18E2A49DC3700967B12 /* Resources */ = {
			isa = PBXResourcesBuildPhase;
			buildActionMask = 2147483647;
			files = (
			);
			runOnlyForDeploymentPostprocessing = 0;
		};
/* End PBXResourcesBuildPhase section */

/* Begin PBXSourcesBuildPhase section */
		5DD0A16C2A49DC3500967B12 /* Sources */ = {
			isa = PBXSourcesBuildPhase;
			buildActionMask = 2147483647;
			files = (
				5DD0A1782A49DC3500967B12 /* ViewController.swift in Sources */,
				5DD0A1742A49DC3500967B12 /* AppDelegate.swift in Sources */,
				5DD0A1762A49DC3500967B12 /* SceneDelegate.swift in Sources */,
				5DF907502A49E35700F3645A /* DetailViewController.swift in Sources */,
			);
			runOnlyForDeploymentPostprocessing = 0;
		};
		5DD0A1822A49DC3700967B12 /* Sources */ = {
			isa = PBXSourcesBuildPhase;
			buildActionMask = 2147483647;
			files = (
				5DD0A18B2A49DC3700967B12 /* WeatherAppTests.swift in Sources */,
			);
			runOnlyForDeploymentPostprocessing = 0;
		};
		5DD0A18C2A49DC3700967B12 /* Sources */ = {
			isa = PBXSourcesBuildPhase;
			buildActionMask = 2147483647;
			files = (
				5DD0A1952A49DC3700967B12 /* WeatherAppUITests.swift in Sources */,
				5DD0A1972A49DC3700967B12 /* WeatherAppUITestsLaunchTests.swift in Sources */,
			);
			runOnlyForDeploymentPostprocessing = 0;
		};
/* End PBXSourcesBuildPhase section */

/* Begin PBXTargetDependency section */
		5DD0A1882A49DC3700967B12 /* PBXTargetDependency */ = {
			isa = PBXTargetDependency;
			target = 5DD0A16F2A49DC3500967B12 /* WeatherApp */;
			targetProxy = 5DD0A1872A49DC3700967B12 /* PBXContainerItemProxy */;
		};
		5DD0A1922A49DC3700967B12 /* PBXTargetDependency */ = {
			isa = PBXTargetDependency;
			target = 5DD0A16F2A49DC3500967B12 /* WeatherApp */;
			targetProxy = 5DD0A1912A49DC3700967B12 /* PBXContainerItemProxy */;
		};
/* End PBXTargetDependency section */

/* Begin PBXVariantGroup section */
		5DD0A1792A49DC3500967B12 /* Main.storyboard */ = {
			isa = PBXVariantGroup;
			children = (
				5DD0A17A2A49DC3500967B12 /* Base */,
			);
			name = Main.storyboard;
			sourceTree = "<group>";
		};
		5DD0A17E2A49DC3700967B12 /* LaunchScreen.storyboard */ = {
			isa = PBXVariantGroup;
			children = (
				5DD0A17F2A49DC3700967B12 /* Base */,
			);
			name = LaunchScreen.storyboard;
			sourceTree = "<group>";
		};
/* End PBXVariantGroup section */

/* Begin XCBuildConfiguration section */
		5DD0A1982A49DC3700967B12 /* Debug */ = {
			isa = XCBuildConfiguration;
			buildSettings = {
				ALWAYS_SEARCH_USER_PATHS = NO;
				CLANG_ANALYZER_NONNULL = YES;
				CLANG_ANALYZER_NUMBER_OBJECT_CONVERSION = YES_AGGRESSIVE;
				CLANG_CXX_LANGUAGE_STANDARD = "gnu++20";
				CLANG_ENABLE_MODULES = YES;
				CLANG_ENABLE_OBJC_ARC = YES;
				CLANG_ENABLE_OBJC_WEAK = YES;
				CLANG_WARN_BLOCK_CAPTURE_AUTORELEASING = YES;
				CLANG_WARN_BOOL_CONVERSION = YES;
				CLANG_WARN_COMMA = YES;
				CLANG_WARN_CONSTANT_CONVERSION = YES;
				CLANG_WARN_DEPRECATED_OBJC_IMPLEMENTATIONS = YES;
				CLANG_WARN_DIRECT_OBJC_ISA_USAGE = YES_ERROR;
				CLANG_WARN_DOCUMENTATION_COMMENTS = YES;
				CLANG_WARN_EMPTY_BODY = YES;
				CLANG_WARN_ENUM_CONVERSION = YES;
				CLANG_WARN_INFINITE_RECURSION = YES;
				CLANG_WARN_INT_CONVERSION = YES;
				CLANG_WARN_NON_LITERAL_NULL_CONVERSION = YES;
				CLANG_WARN_OBJC_IMPLICIT_RETAIN_SELF = YES;
				CLANG_WARN_OBJC_LITERAL_CONVERSION = YES;
				CLANG_WARN_OBJC_ROOT_CLASS = YES_ERROR;
				CLANG_WARN_QUOTED_INCLUDE_IN_FRAMEWORK_HEADER = YES;
				CLANG_WARN_RANGE_LOOP_ANALYSIS = YES;
				CLANG_WARN_STRICT_PROTOTYPES = YES;
				CLANG_WARN_SUSPICIOUS_MOVE = YES;
				CLANG_WARN_UNGUARDED_AVAILABILITY = YES_AGGRESSIVE;
				CLANG_WARN_UNREACHABLE_CODE = YES;
				CLANG_WARN__DUPLICATE_METHOD_MATCH = YES;
				COPY_PHASE_STRIP = NO;
				DEBUG_INFORMATION_FORMAT = dwarf;
				ENABLE_STRICT_OBJC_MSGSEND = YES;
				ENABLE_TESTABILITY = YES;
				GCC_C_LANGUAGE_STANDARD = gnu11;
				GCC_DYNAMIC_NO_PIC = NO;
				GCC_NO_COMMON_BLOCKS = YES;
				GCC_OPTIMIZATION_LEVEL = 0;
				GCC_PREPROCESSOR_DEFINITIONS = (
					"DEBUG=1",
					"$(inherited)",
				);
				GCC_WARN_64_TO_32_BIT_CONVERSION = YES;
				GCC_WARN_ABOUT_RETURN_TYPE = YES_ERROR;
				GCC_WARN_UNDECLARED_SELECTOR = YES;
				GCC_WARN_UNINITIALIZED_AUTOS = YES_AGGRESSIVE;
				GCC_WARN_UNUSED_FUNCTION = YES;
				GCC_WARN_UNUSED_VARIABLE = YES;
				IPHONEOS_DEPLOYMENT_TARGET = 16.4;
				MTL_ENABLE_DEBUG_INFO = INCLUDE_SOURCE;
				MTL_FAST_MATH = YES;
				ONLY_ACTIVE_ARCH = YES;
				SDKROOT = iphoneos;
				SWIFT_ACTIVE_COMPILATION_CONDITIONS = DEBUG;
				SWIFT_OPTIMIZATION_LEVEL = "-Onone";
			};
			name = Debug;
		};
		5DD0A1992A49DC3700967B12 /* Release */ = {
			isa = XCBuildConfiguration;
			buildSettings = {
				ALWAYS_SEARCH_USER_PATHS = NO;
				CLANG_ANALYZER_NONNULL = YES;
				CLANG_ANALYZER_NUMBER_OBJECT_CONVERSION = YES_AGGRESSIVE;
				CLANG_CXX_LANGUAGE_STANDARD = "gnu++20";
				CLANG_ENABLE_MODULES = YES;
				CLANG_ENABLE_OBJC_ARC = YES;
				CLANG_ENABLE_OBJC_WEAK = YES;
				CLANG_WARN_BLOCK_CAPTURE_AUTORELEASING = YES;
				CLANG_WARN_BOOL_CONVERSION = YES;
				CLANG_WARN_COMMA = YES;
				CLANG_WARN_CONSTANT_CONVERSION = YES;
				CLANG_WARN_DEPRECATED_OBJC_IMPLEMENTATIONS = YES;
				CLANG_WARN_DIRECT_OBJC_ISA_USAGE = YES_ERROR;
				CLANG_WARN_DOCUMENTATION_COMMENTS = YES;
				CLANG_WARN_EMPTY_BODY = YES;
				CLANG_WARN_ENUM_CONVERSION = YES;
				CLANG_WARN_INFINITE_RECURSION = YES;
				CLANG_WARN_INT_CONVERSION = YES;
				CLANG_WARN_NON_LITERAL_NULL_CONVERSION = YES;
				CLANG_WARN_OBJC_IMPLICIT_RETAIN_SELF = YES;
				CLANG_WARN_OBJC_LITERAL_CONVERSION = YES;
				CLANG_WARN_OBJC_ROOT_CLASS = YES_ERROR;
				CLANG_WARN_QUOTED_INCLUDE_IN_FRAMEWORK_HEADER = YES;
				CLANG_WARN_RANGE_LOOP_ANALYSIS = YES;
				CLANG_WARN_STRICT_PROTOTYPES = YES;
				CLANG_WARN_SUSPICIOUS_MOVE = YES;
				CLANG_WARN_UNGUARDED_AVAILABILITY = YES_AGGRESSIVE;
				CLANG_WARN_UNREACHABLE_CODE = YES;
				CLANG_WARN__DUPLICATE_METHOD_MATCH = YES;
				COPY_PHASE_STRIP = NO;
				DEBUG_INFORMATION_FORMAT = "dwarf-with-dsym";
				ENABLE_NS_ASSERTIONS = NO;
				ENABLE_STRICT_OBJC_MSGSEND = YES;
				GCC_C_LANGUAGE_STANDARD = gnu11;
				GCC_NO_COMMON_BLOCKS = YES;
				GCC_WARN_64_TO_32_BIT_CONVERSION = YES;
				GCC_WARN_ABOUT_RETURN_TYPE = YES_ERROR;
				GCC_WARN_UNDECLARED_SELECTOR = YES;
				GCC_WARN_UNINITIALIZED_AUTOS = YES_AGGRESSIVE;
				GCC_WARN_UNUSED_FUNCTION = YES;
				GCC_WARN_UNUSED_VARIABLE = YES;
				IPHONEOS_DEPLOYMENT_TARGET = 16.4;
				MTL_ENABLE_DEBUG_INFO = NO;
				MTL_FAST_MATH = YES;
				SDKROOT = iphoneos;
				SWIFT_COMPILATION_MODE = wholemodule;
				SWIFT_OPTIMIZATION_LEVEL = "-O";
				VALIDATE_PRODUCT = YES;
			};
			name = Release;
		};
		5DD0A19B2A49DC3700967B12 /* Debug */ = {
			isa = XCBuildConfiguration;
			buildSettings = {
				ASSETCATALOG_COMPILER_APPICON_NAME = AppIcon;
				ASSETCATALOG_COMPILER_GLOBAL_ACCENT_COLOR_NAME = AccentColor;
				CODE_SIGN_STYLE = Automatic;
				CURRENT_PROJECT_VERSION = 1;
				DEVELOPMENT_TEAM = 24FPP65B5D;
				GENERATE_INFOPLIST_FILE = YES;
				INFOPLIST_FILE = WeatherApp/Info.plist;
				INFOPLIST_KEY_UIApplicationSupportsIndirectInputEvents = YES;
				INFOPLIST_KEY_UILaunchStoryboardName = LaunchScreen;
				INFOPLIST_KEY_UIMainStoryboardFile = Main;
				INFOPLIST_KEY_UISupportedInterfaceOrientations_iPad = "UIInterfaceOrientationPortrait UIInterfaceOrientationPortraitUpsideDown UIInterfaceOrientationLandscapeLeft UIInterfaceOrientationLandscapeRight";
				INFOPLIST_KEY_UISupportedInterfaceOrientations_iPhone = "UIInterfaceOrientationPortrait UIInterfaceOrientationLandscapeLeft UIInterfaceOrientationLandscapeRight";
				LD_RUNPATH_SEARCH_PATHS = (
					"$(inherited)",
					"@executable_path/Frameworks",
				);
				MARKETING_VERSION = 1.0;
				PRODUCT_BUNDLE_IDENTIFIER = com.vahapkrgc.WeatherApp;
				PRODUCT_NAME = "$(TARGET_NAME)";
				SWIFT_EMIT_LOC_STRINGS = YES;
				SWIFT_VERSION = 5.0;
				TARGETED_DEVICE_FAMILY = "1,2";
			};
			name = Debug;
		};
		5DD0A19C2A49DC3700967B12 /* Release */ = {
			isa = XCBuildConfiguration;
			buildSettings = {
				ASSETCATALOG_COMPILER_APPICON_NAME = AppIcon;
				ASSETCATALOG_COMPILER_GLOBAL_ACCENT_COLOR_NAME = AccentColor;
				CODE_SIGN_STYLE = Automatic;
				CURRENT_PROJECT_VERSION = 1;
				DEVELOPMENT_TEAM = 24FPP65B5D;
				GENERATE_INFOPLIST_FILE = YES;
				INFOPLIST_FILE = WeatherApp/Info.plist;
				INFOPLIST_KEY_UIApplicationSupportsIndirectInputEvents = YES;
				INFOPLIST_KEY_UILaunchStoryboardName = LaunchScreen;
				INFOPLIST_KEY_UIMainStoryboardFile = Main;
				INFOPLIST_KEY_UISupportedInterfaceOrientations_iPad = "UIInterfaceOrientationPortrait UIInterfaceOrientationPortraitUpsideDown UIInterfaceOrientationLandscapeLeft UIInterfaceOrientationLandscapeRight";
				INFOPLIST_KEY_UISupportedInterfaceOrientations_iPhone = "UIInterfaceOrientationPortrait UIInterfaceOrientationLandscapeLeft UIInterfaceOrientationLandscapeRight";
				LD_RUNPATH_SEARCH_PATHS = (
					"$(inherited)",
					"@executable_path/Frameworks",
				);
				MARKETING_VERSION = 1.0;
				PRODUCT_BUNDLE_IDENTIFIER = com.vahapkrgc.WeatherApp;
				PRODUCT_NAME = "$(TARGET_NAME)";
				SWIFT_EMIT_LOC_STRINGS = YES;
				SWIFT_VERSION = 5.0;
				TARGETED_DEVICE_FAMILY = "1,2";
			};
			name = Release;
		};
		5DD0A19E2A49DC3700967B12 /* Debug */ = {
			isa = XCBuildConfiguration;
			buildSettings = {
				ALWAYS_EMBED_SWIFT_STANDARD_LIBRARIES = YES;
				BUNDLE_LOADER = "$(TEST_HOST)";
				CODE_SIGN_STYLE = Automatic;
				CURRENT_PROJECT_VERSION = 1;
				DEVELOPMENT_TEAM = 24FPP65B5D;
				GENERATE_INFOPLIST_FILE = YES;
				IPHONEOS_DEPLOYMENT_TARGET = 16.4;
				MARKETING_VERSION = 1.0;
				PRODUCT_BUNDLE_IDENTIFIER = com.vahapkrgc.WeatherAppTests;
				PRODUCT_NAME = "$(TARGET_NAME)";
				SWIFT_EMIT_LOC_STRINGS = NO;
				SWIFT_VERSION = 5.0;
				TARGETED_DEVICE_FAMILY = "1,2";
				TEST_HOST = "$(BUILT_PRODUCTS_DIR)/WeatherApp.app/$(BUNDLE_EXECUTABLE_FOLDER_PATH)/WeatherApp";
			};
			name = Debug;
		};
		5DD0A19F2A49DC3700967B12 /* Release */ = {
			isa = XCBuildConfiguration;
			buildSettings = {
				ALWAYS_EMBED_SWIFT_STANDARD_LIBRARIES = YES;
				BUNDLE_LOADER = "$(TEST_HOST)";
				CODE_SIGN_STYLE = Automatic;
				CURRENT_PROJECT_VERSION = 1;
				DEVELOPMENT_TEAM = 24FPP65B5D;
				GENERATE_INFOPLIST_FILE = YES;
				IPHONEOS_DEPLOYMENT_TARGET = 16.4;
				MARKETING_VERSION = 1.0;
				PRODUCT_BUNDLE_IDENTIFIER = com.vahapkrgc.WeatherAppTests;
				PRODUCT_NAME = "$(TARGET_NAME)";
				SWIFT_EMIT_LOC_STRINGS = NO;
				SWIFT_VERSION = 5.0;
				TARGETED_DEVICE_FAMILY = "1,2";
				TEST_HOST = "$(BUILT_PRODUCTS_DIR)/WeatherApp.app/$(BUNDLE_EXECUTABLE_FOLDER_PATH)/WeatherApp";
			};
			name = Release;
		};
		5DD0A1A12A49DC3700967B12 /* Debug */ = {
			isa = XCBuildConfiguration;
			buildSettings = {
				ALWAYS_EMBED_SWIFT_STANDARD_LIBRARIES = YES;
				CODE_SIGN_STYLE = Automatic;
				CURRENT_PROJECT_VERSION = 1;
				DEVELOPMENT_TEAM = 24FPP65B5D;
				GENERATE_INFOPLIST_FILE = YES;
				MARKETING_VERSION = 1.0;
				PRODUCT_BUNDLE_IDENTIFIER = com.vahapkrgc.WeatherAppUITests;
				PRODUCT_NAME = "$(TARGET_NAME)";
				SWIFT_EMIT_LOC_STRINGS = NO;
				SWIFT_VERSION = 5.0;
				TARGETED_DEVICE_FAMILY = "1,2";
				TEST_TARGET_NAME = WeatherApp;
			};
			name = Debug;
		};
		5DD0A1A22A49DC3700967B12 /* Release */ = {
			isa = XCBuildConfiguration;
			buildSettings = {
				ALWAYS_EMBED_SWIFT_STANDARD_LIBRARIES = YES;
				CODE_SIGN_STYLE = Automatic;
				CURRENT_PROJECT_VERSION = 1;
				DEVELOPMENT_TEAM = 24FPP65B5D;
				GENERATE_INFOPLIST_FILE = YES;
				MARKETING_VERSION = 1.0;
				PRODUCT_BUNDLE_IDENTIFIER = com.vahapkrgc.WeatherAppUITests;
				PRODUCT_NAME = "$(TARGET_NAME)";
				SWIFT_EMIT_LOC_STRINGS = NO;
				SWIFT_VERSION = 5.0;
				TARGETED_DEVICE_FAMILY = "1,2";
				TEST_TARGET_NAME = WeatherApp;
			};
			name = Release;
		};
/* End XCBuildConfiguration section */

/* Begin XCConfigurationList section */
		5DD0A16B2A49DC3500967B12 /* Build configuration list for PBXProject "WeatherApp" */ = {
			isa = XCConfigurationList;
			buildConfigurations = (
				5DD0A1982A49DC3700967B12 /* Debug */,
				5DD0A1992A49DC3700967B12 /* Release */,
			);
			defaultConfigurationIsVisible = 0;
			defaultConfigurationName = Release;
		};
		5DD0A19A2A49DC3700967B12 /* Build configuration list for PBXNativeTarget "WeatherApp" */ = {
			isa = XCConfigurationList;
			buildConfigurations = (
				5DD0A19B2A49DC3700967B12 /* Debug */,
				5DD0A19C2A49DC3700967B12 /* Release */,
			);
			defaultConfigurationIsVisible = 0;
			defaultConfigurationName = Release;
		};
		5DD0A19D2A49DC3700967B12 /* Build configuration list for PBXNativeTarget "WeatherAppTests" */ = {
			isa = XCConfigurationList;
			buildConfigurations = (
				5DD0A19E2A49DC3700967B12 /* Debug */,
				5DD0A19F2A49DC3700967B12 /* Release */,
			);
			defaultConfigurationIsVisible = 0;
			defaultConfigurationName = Release;
		};
		5DD0A1A02A49DC3700967B12 /* Build configuration list for PBXNativeTarget "WeatherAppUITests" */ = {
			isa = XCConfigurationList;
			buildConfigurations = (
				5DD0A1A12A49DC3700967B12 /* Debug */,
				5DD0A1A22A49DC3700967B12 /* Release */,
			);
			defaultConfigurationIsVisible = 0;
			defaultConfigurationName = Release;
		};
/* End XCConfigurationList section */
	};
	rootObject = 5DD0A1682A49DC3500967B12 /* Project object */;
}
